{
  "dependencies": {
    "externalify": {
      "version": "https://registry.npm.taobao.org/externalify/download/externalify-0.1.0.tgz",
      "dependencies": {
        "globo": {
          "version": "1.0.2",
          "dependencies": {
            "accessory": {
              "version": "1.0.1",
              "dependencies": {
                "dot-parts": {
                  "version": "1.0.1"
                }
              }
            },
            "is-defined": {
              "version": "1.0.0"
            },
            "ternary": {
              "version": "1.0.0"
            }
          }
        },
        "map-obj": {
          "version": "1.0.1"
        },
        "replace-require-functions": {
          "version": "1.0.0",
          "dependencies": {
            "detective": {
              "version": "4.1.1",
              "dependencies": {
                "acorn": {
                  "version": "1.2.2"
                },
                "defined": {
                  "version": "1.0.0"
                },
                "escodegen": {
                  "version": "1.8.0",
                  "dependencies": {
                    "estraverse": {
                      "version": "1.9.3"
                    },
                    "esutils": {
                      "version": "2.0.2"
                    },
                    "esprima": {
                      "version": "https://registry.npm.taobao.org/esprima/download/esprima-2.7.2.tgz"
                    },
                    "optionator": {
                      "version": "0.8.1",
                      "dependencies": {
                        "prelude-ls": {
                          "version": "1.1.2"
                        },
                        "deep-is": {
                          "version": "0.1.3"
                        },
                        "wordwrap": {
                          "version": "1.0.0"
                        },
                        "type-check": {
                          "version": "0.3.2"
                        },
                        "levn": {
                          "version": "0.3.0"
                        },
                        "fast-levenshtein": {
                          "version": "https://registry.npm.taobao.org/fast-levenshtein/download/fast-levenshtein-1.1.3.tgz"
                        }
                      }
                    },
                    "source-map": {
                      "version": "0.2.0",
                      "dependencies": {
                        "amdefine": {
                          "version": "1.0.0"
                        }
                      }
                    }
                  }
                }
              }
            },
            "has-require": {
              "version": "https://registry.npm.taobao.org/has-require/download/has-require-1.2.2.tgz",
              "dependencies": {
                "escape-string-regexp": {
                  "version": "https://registry.npm.taobao.org/escape-string-regexp/download/escape-string-regexp-1.0.5.tgz"
                }
              }
            },
            "patch-text": {
              "version": "1.0.2"
            },
            "xtend": {
              "version": "4.0.1"
            }
          }
        },
        "through2": {
          "version": "0.4.2",
          "dependencies": {
            "readable-stream": {
              "version": "1.0.33",
              "dependencies": {
                "core-util-is": {
                  "version": "1.0.2"
                },
                "isarray": {
                  "version": "https://registry.npm.taobao.org/isarray/download/isarray-0.0.1.tgz"
                },
                "string_decoder": {
                  "version": "0.10.31"
                },
                "inherits": {
                  "version": "https://registry.npm.taobao.org/inherits/download/inherits-2.0.1.tgz"
                }
              }
            },
            "xtend": {
              "version": "2.1.2",
              "dependencies": {
                "object-keys": {
                  "version": "0.4.0"
                }
              }
            }
          }
        },
        "transformify": {
          "version": "0.1.2",
          "dependencies": {
            "readable-stream": {
              "version": "1.1.13",
              "dependencies": {
                "core-util-is": {
                  "version": "1.0.2"
                },
                "isarray": {
                  "version": "https://registry.npm.taobao.org/isarray/download/isarray-0.0.1.tgz"
                },
                "string_decoder": {
                  "version": "0.10.31"
                },
                "inherits": {
                  "version": "https://registry.npm.taobao.org/inherits/download/inherits-2.0.1.tgz"
                }
              }
            }
          }
        }
      }
    },
    "highlight.js": {
      "version": "https://registry.npm.taobao.org/highlight.js/download/highlight.js-8.9.1.tgz"
    },
    "history": {
      "version": "1.17.0",
      "dependencies": {
        "deep-equal": {
          "version": "1.0.1"
        },
        "invariant": {
          "version": "2.2.0",
          "dependencies": {
            "loose-envify": {
              "version": "1.1.0",
              "dependencies": {
                "js-tokens": {
                  "version": "1.0.2"
                }
              }
            }
          }
        },
        "query-string": {
          "version": "https://registry.npm.taobao.org/query-string/download/query-string-3.0.1.tgz",
          "dependencies": {
            "strict-uri-encode": {
              "version": "https://registry.npm.taobao.org/strict-uri-encode/download/strict-uri-encode-1.1.0.tgz"
            }
          }
        },
        "warning": {
          "version": "https://registry.npm.taobao.org/warning/download/warning-2.1.0.tgz",
          "dependencies": {
            "loose-envify": {
              "version": "1.1.0",
              "dependencies": {
                "js-tokens": {
                  "version": "1.0.2"
                }
              }
            }
          }
        }
      }
    },
    "marked": {
      "version": "https://registry.npm.taobao.org/marked/download/marked-0.3.5.tgz"
    },
    "react-router": {
      "version": "https://registry.npm.taobao.org/react-router/download/react-router-1.0.0.tgz",
      "dependencies": {
        "invariant": {
          "version": "2.2.0",
          "dependencies": {
            "loose-envify": {
              "version": "1.1.0",
              "dependencies": {
                "js-tokens": {
                  "version": "1.0.2"
                }
              }
            }
          }
        },
        "warning": {
          "version": "https://registry.npm.taobao.org/warning/download/warning-2.1.0.tgz",
          "dependencies": {
            "loose-envify": {
              "version": "1.1.0",
              "dependencies": {
                "js-tokens": {
                  "version": "1.0.2"
                }
              }
            }
          }
        }
      }
    },
    "simditor": {
      "version": "https://registry.npm.taobao.org/simditor/download/simditor-2.3.6.tgz",
      "dependencies": {
        "jquery": {
          "version": "https://registry.npm.taobao.org/jquery/download/jquery-2.1.4.tgz"
        },
        "simple-hotkeys": {
          "version": "https://registry.npm.taobao.org/simple-hotkeys/download/simple-hotkeys-1.0.3.tgz"
        },
        "simple-uploader": {
          "version": "https://registry.npm.taobao.org/simple-uploader/download/simple-uploader-2.0.8.tgz"
        },
        "simple-module": {
          "version": "https://registry.npm.taobao.org/simple-module/download/simple-module-2.0.6.tgz"
        }
      }
    }
  }
}
